
Microsoft Visual Studio Solution File, Format Version 12.00
# Visual Studio 15
VisualStudioVersion = 15.0.28307.539
MinimumVisualStudioVersion = 10.0.40219.1
Project("{FAE04EC0-301F-11D3-BF4B-00C04F79EFBC}") = "HotdogNotHotdog", "WindowsFormsApp2\HotdogNotHotdog.csproj", "{F24107AD-A5D1-4DE6-A591-6E0958FF2C87}"
EndProject
Global
	GlobalSection(SolutionConfigurationPlatforms) = preSolution
		Debug|Any CPU = Debug|Any CPU
		Release|Any CPU = Release|Any CPU
	EndGlobalSection
	GlobalSection(ProjectConfigurationPlatforms) = postSolution
		{F24107AD-A5D1-4DE6-A591-6E0958FF2C87}.Debug|Any CPU.ActiveCfg = Debug|Any CPU
		{F24107AD-A5D1-4DE6-A591-6E0958FF2C87}.Debug|Any CPU.Build.0 = Debug|Any CPU
		{F24107AD-A5D1-4DE6-A591-6E0958FF2C87}.Release|Any CPU.ActiveCfg = Release|Any CPU
		{F24107AD-A5D1-4DE6-A591-6E0958FF2C87}.Release|Any CPU.Build.0 = Release|Any CPU
	EndGlobalSection
	GlobalSection(SolutionProperties) = preSolution
		HideSolutionNode = FALSE
	EndGlobalSection
	GlobalSection(ExtensibilityGlobals) = postSolution
		SolutionGuid = {709782AB-2E27-4AF9-8EFB-1C50AC932512}
	EndGlobalSection
EndGlobal
